{
  "nodes": {
    "crane": {
      "locked": {
        "lastModified": 1758758545,
        "narHash": "sha256-NU5WaEdfwF6i8faJ2Yh+jcK9vVFrofLcwlD/mP65JrI=",
        "owner": "ipetkov",
        "repo": "crane",
        "rev": "95d528a5f54eaba0d12102249ce42f4d01f4e364",
        "type": "github"
      },
      "original": {
        "owner": "ipetkov",
        "repo": "crane",
        "type": "github"
      }
    },
    "flake-utils": {
      "inputs": {
        "systems": "systems"
      },
      "locked": {
        "lastModified": 1731533236,
        "narHash": "sha256-l0KFg5HjrsfsO/JpG+r7fRrqm12kzFHyUHqHCVpMMbI=",
        "owner": "numtide",
        "repo": "flake-utils",
        "rev": "11707dc2f618dd54ca8739b309ec4fc024de578b",
        "type": "github"
      },
      "original": {
        "owner": "numtide",
        "repo": "flake-utils",
        "type": "github"
      }
    },
    "golang": {
      "inputs": {
        "nixpkgs": "nixpkgs"
      },
      "locked": {
        "dir": "nix/go",
        "lastModified": 1760973838,
        "narHash": "sha256-UnngvRB45lUeWwot7cvB0MaedaQEQmcw+q8Y6WbeGtE=",
        "owner": "ava-labs",
        "repo": "avalanchego",
        "rev": "f10757d594eedf0f016bc1400739788c542f005f",
        "type": "github"
      },
      "original": {
        "dir": "nix/go",
        "owner": "ava-labs",
        "ref": "f10757d594eedf0f016bc1400739788c542f005f",
        "repo": "avalanchego",
        "type": "github"
      }
    },
    "nixpkgs": {
      "locked": {
        "lastModified": 1759735786,
        "narHash": "sha256-a0+h02lyP2KwSNrZz4wLJTu9ikujNsTWIC874Bv7IJ0=",
        "rev": "20c4598c84a671783f741e02bf05cbfaf4907cff",
        "revCount": 810859,
        "type": "tarball",
        "url": "https://api.flakehub.com/f/pinned/NixOS/nixpkgs/0.2505.810859%2Brev-20c4598c84a671783f741e02bf05cbfaf4907cff/0199bc43-02e2-7036-8e2c-e43f6d6b4ede/source.tar.gz"
      },
      "original": {
        "type": "tarball",
        "url": "https://flakehub.com/f/NixOS/nixpkgs/0.2505.%2A.tar.gz"
      }
    },
    "nixpkgs_2": {
      "locked": {
        "lastModified": 1758589230,
        "narHash": "sha256-zMTCFGe8aVGTEr2RqUi/QzC1nOIQ0N1HRsbqB4f646k=",
        "rev": "d1d883129b193f0b495d75c148c2c3a7d95789a0",
        "revCount": 810308,
        "type": "tarball",
        "url": "https://api.flakehub.com/f/pinned/NixOS/nixpkgs/0.2505.810308%2Brev-d1d883129b193f0b495d75c148c2c3a7d95789a0/01997816-a6f6-7040-8535-2ae74ed9bd44/source.tar.gz"
      },
      "original": {
        "type": "tarball",
        "url": "https://flakehub.com/f/NixOS/nixpkgs/0.2505.%2A.tar.gz"
      }
    },
    "nixpkgs_3": {
      "locked": {
        "lastModified": 1744536153,
        "narHash": "sha256-awS2zRgF4uTwrOKwwiJcByDzDOdo3Q1rPZbiHQg/N38=",
        "owner": "NixOS",
        "repo": "nixpkgs",
        "rev": "18dd725c29603f582cf1900e0d25f9f1063dbf11",
        "type": "github"
      },
      "original": {
        "owner": "NixOS",
        "ref": "nixpkgs-unstable",
        "repo": "nixpkgs",
        "type": "github"
      }
    },
    "root": {
      "inputs": {
        "crane": "crane",
        "flake-utils": "flake-utils",
        "golang": "golang",
        "nixpkgs": "nixpkgs_2",
        "rust-overlay": "rust-overlay"
      }
    },
    "rust-overlay": {
      "inputs": {
        "nixpkgs": "nixpkgs_3"
      },
      "locked": {
        "lastModified": 1758854041,
        "narHash": "sha256-kZ+24pbf4FiHlYlcvts64BhpxpHkPKIQXBmx1OmBAIo=",
        "owner": "oxalica",
        "repo": "rust-overlay",
        "rev": "02227ca8c229c968dbb5de95584cfb12b4313104",
        "type": "github"
      },
      "original": {
        "owner": "oxalica",
        "repo": "rust-overlay",
        "type": "github"
      }
    },
    "systems": {
      "locked": {
        "lastModified": 1681028828,
        "narHash": "sha256-Vy1rq5AaRuLzOxct8nz4T6wlgyUR7zLU309k9mBC768=",
        "owner": "nix-systems",
        "repo": "default",
        "rev": "da67096a3b9bf56a91d16901293e51ba5b49a27e",
        "type": "github"
      },
      "original": {
        "owner": "nix-systems",
        "repo": "default",
        "type": "github"
      }
    }
  },
  "root": "root",
  "version": 7
}
