github.com/ava-labs/libevm v1.13.15-0.20251016142715-1bccf4f2ddb2 h1:hQ15IJxY7WOKqeJqCXawsiXh0NZTzmoQOemkWHz7rr4=
github.com/ava-labs/libevm v1.13.15-0.20251016142715-1bccf4f2ddb2/go.mod h1:DqSotSn4Dx/UJV+d3svfW8raR+cH7+Ohl9BpsQ5HlGU=
github.com/holiman/uint256 v1.2.4 h1:jUc4Nk8fm9jZabQuqr2JzednajVmBpC+oiTiXZJEApU=
github.com/holiman/uint256 v1.2.4/go.mod h1:EOMSn4q6Nyt9P6efbI3bueV4e1b3dGlUCXeiRV4ng7E=
golang.org/x/crypto v0.45.0 h1:jMBrvKuj23MTlT0bQEOBcAE0mjg8mK9RXFhRH6nyF3Q=
golang.org/x/crypto v0.45.0/go.mod h1:XTGrrkGJve7CYK7J8PEww4aY7gM3qMCElcJQ8n8JdX4=
golang.org/x/sys v0.38.0 h1:3yZWxaJjBmCWXqhN1qh02AkOnCQ1poK6oF+a7xWL6Gc=
golang.org/x/sys v0.38.0/go.mod h1:OgkHotnGiDImocRcuBABYBEXf8A9a87e/uXjp9XT3ks=
