{
  "nodes": {
    "nixpkgs": {
      "locked": {
        "lastModified": 1750646418,
        "narHash": "sha256-4UAN+W0Lp4xnUiHYXUXAPX18t+bn6c4Btry2RqM9JHY=",
        "rev": "1f426f65ac4e6bf808923eb6f8b8c2bfba3d18c5",
        "revCount": 718912,
        "type": "tarball",
        "url": "https://api.flakehub.com/f/pinned/NixOS/nixpkgs/0.2411.718912%2Brev-1f426f65ac4e6bf808923eb6f8b8c2bfba3d18c5/0197a07f-dbfa-71bc-b0d0-74dc61435efd/source.tar.gz"
      },
      "original": {
        "type": "tarball",
        "url": "https://flakehub.com/f/NixOS/nixpkgs/0.2411.%2A.tar.gz"
      }
    },
    "root": {
      "inputs": {
        "nixpkgs": "nixpkgs"
      }
    }
  },
  "root": "root",
  "version": 7
}
